github.com/Cabba/claim v0.0.0-20250216205556-89b4038fa1c7 h1:xZEFN2+50waxzANelrQePo1nq/rbtelHH9+SB8l70sc=
github.com/Cabba/claim v0.0.0-20250216205556-89b4038fa1c7/go.mod h1:bEBwL9rtbQ/OXZoomr+eg8H3XhJJxJ1PQ/GR/XteRBY=
github.com/Cabba/claim v0.0.0-20250216214953-18ad692eda4a h1:1c1XeHbQUb38avzxA4USj8x70dSS57Xdi566j8xDgjQ=
github.com/Cabba/claim v0.0.0-20250216214953-18ad692eda4a/go.mod h1:bEBwL9rtbQ/OXZoomr+eg8H3XhJJxJ1PQ/GR/XteRBY=
